
Microsoft Visual Studio Solution File, Format Version 12.00
# Visual Studio Version 17
VisualStudioVersion = 17.1.32228.430
MinimumVisualStudioVersion = 10.0.40219.1
Project("{9A19103F-16F7-4668-BE54-9A1E7A4F7556}") = "ESourcing.Products", "ESourcing.Products\ESourcing.Products.csproj", "{F4E9D982-4E94-475F-8E1F-6505937EABFF}"
EndProject
Project("{2150E333-8FDC-42A3-9474-1A3956D46DE8}") = "Products", "Products", "{358DC733-263C-4B91-A4B4-EB8D53CBABC9}"
EndProject
Project("{2150E333-8FDC-42A3-9474-1A3956D46DE8}") = "src", "src", "{3760A8A1-E68D-46D9-8BA6-A4A06F054222}"
EndProject
Project("{2150E333-8FDC-42A3-9474-1A3956D46DE8}") = "ApiGateway", "ApiGateway", "{8009FA20-463A-4118-9E94-D9525CF2194D}"
EndProject
Project("{2150E333-8FDC-42A3-9474-1A3956D46DE8}") = "Services", "Services", "{3A3CF199-73BD-41B0-8752-6FAEB4AD523A}"
EndProject
Project("{2150E333-8FDC-42A3-9474-1A3956D46DE8}") = "WebApp", "WebApp", "{9FB04BA8-14CF-490D-9F10-BDD4B5AD3416}"
EndProject
Project("{2150E333-8FDC-42A3-9474-1A3956D46DE8}") = "Common", "Common", "{1B4E8C3C-7DF1-4086-A600-5C827B1CEA3D}"
EndProject
Project("{2150E333-8FDC-42A3-9474-1A3956D46DE8}") = "Order", "Order", "{0380260C-0F97-4701-B2B3-16D514B3AEEF}"
EndProject
Project("{2150E333-8FDC-42A3-9474-1A3956D46DE8}") = "Sourcing", "Sourcing", "{7DD9999E-9DB5-457A-965B-AA90C95E8FDC}"
EndProject
Global
	GlobalSection(SolutionConfigurationPlatforms) = preSolution
		Debug|Any CPU = Debug|Any CPU
		Release|Any CPU = Release|Any CPU
	EndGlobalSection
	GlobalSection(ProjectConfigurationPlatforms) = postSolution
		{F4E9D982-4E94-475F-8E1F-6505937EABFF}.Debug|Any CPU.ActiveCfg = Debug|Any CPU
		{F4E9D982-4E94-475F-8E1F-6505937EABFF}.Debug|Any CPU.Build.0 = Debug|Any CPU
		{F4E9D982-4E94-475F-8E1F-6505937EABFF}.Release|Any CPU.ActiveCfg = Release|Any CPU
		{F4E9D982-4E94-475F-8E1F-6505937EABFF}.Release|Any CPU.Build.0 = Release|Any CPU
	EndGlobalSection
	GlobalSection(SolutionProperties) = preSolution
		HideSolutionNode = FALSE
	EndGlobalSection
	GlobalSection(NestedProjects) = preSolution
		{F4E9D982-4E94-475F-8E1F-6505937EABFF} = {358DC733-263C-4B91-A4B4-EB8D53CBABC9}
		{358DC733-263C-4B91-A4B4-EB8D53CBABC9} = {3A3CF199-73BD-41B0-8752-6FAEB4AD523A}
		{8009FA20-463A-4118-9E94-D9525CF2194D} = {3760A8A1-E68D-46D9-8BA6-A4A06F054222}
		{3A3CF199-73BD-41B0-8752-6FAEB4AD523A} = {3760A8A1-E68D-46D9-8BA6-A4A06F054222}
		{9FB04BA8-14CF-490D-9F10-BDD4B5AD3416} = {3760A8A1-E68D-46D9-8BA6-A4A06F054222}
		{1B4E8C3C-7DF1-4086-A600-5C827B1CEA3D} = {3A3CF199-73BD-41B0-8752-6FAEB4AD523A}
		{0380260C-0F97-4701-B2B3-16D514B3AEEF} = {3A3CF199-73BD-41B0-8752-6FAEB4AD523A}
		{7DD9999E-9DB5-457A-965B-AA90C95E8FDC} = {3A3CF199-73BD-41B0-8752-6FAEB4AD523A}
	EndGlobalSection
	GlobalSection(ExtensibilityGlobals) = postSolution
		SolutionGuid = {88D8FA93-B25E-400E-B039-93750B36A7FB}
	EndGlobalSection
EndGlobal
